// !$*UTF8*$!
{
	archiveVersion = 1;
	classes = {
	};
	objectVersion = 46;
	objects = {

/* Begin PBXBuildFile section */
		073B2DE81EE40796009F3D9D /* DDNavTextTests.m in Sources */ = {isa = PBXBuildFile; fileRef = 073B2DE71EE40796009F3D9D /* DDNavTextTests.m */; };
		07F9E2181A4056B80059C0DE /* main.m in Sources */ = {isa = PBXBuildFile; fileRef = 07F9E2171A4056B80059C0DE /* main.m */; };
		07F9E21B1A4056B80059C0DE /* AppDelegate.m in Sources */ = {isa = PBXBuildFile; fileRef = 07F9E21A1A4056B80059C0DE /* AppDelegate.m */; };
		07F9E21E1A4056B80059C0DE /* ViewController.m in Sources */ = {isa = PBXBuildFile; fileRef = 07F9E21D1A4056B80059C0DE /* ViewController.m */; };
		07F9E2211A4056B80059C0DE /* Main.storyboard in Resources */ = {isa = PBXBuildFile; fileRef = 07F9E21F1A4056B80059C0DE /* Main.storyboard */; };
		07F9E2231A4056B80059C0DE /* Images.xcassets in Resources */ = {isa = PBXBuildFile; fileRef = 07F9E2221A4056B80059C0DE /* Images.xcassets */; };
		07F9E23E1A4056EF0059C0DE /* DDNavText.m in Sources */ = {isa = PBXBuildFile; fileRef = 07F9E23D1A4056EF0059C0DE /* DDNavText.m */; };
/* End PBXBuildFile section */

/* Begin PBXContainerItemProxy section */
		073B2DEA1EE40796009F3D9D /* PBXContainerItemProxy */ = {
			isa = PBXContainerItemProxy;
			containerPortal = 07F9E20A1A4056B80059C0DE /* Project object */;
			proxyType = 1;
			remoteGlobalIDString = 07F9E2111A4056B80059C0DE;
			remoteInfo = DDNavTextDemo;
		};
/* End PBXContainerItemProxy section */

/* Begin PBXFileReference section */
		073B2DE51EE40796009F3D9D /* DDNavTextTests.xctest */ = {isa = PBXFileReference; explicitFileType = wrapper.cfbundle; includeInIndex = 0; path = DDNavTextTests.xctest; sourceTree = BUILT_PRODUCTS_DIR; };
		073B2DE71EE40796009F3D9D /* DDNavTextTests.m */ = {isa = PBXFileReference; lastKnownFileType = sourcecode.c.objc; path = DDNavTextTests.m; sourceTree = "<group>"; };
		073B2DE91EE40796009F3D9D /* Info.plist */ = {isa = PBXFileReference; lastKnownFileType = text.plist.xml; path = Info.plist; sourceTree = "<group>"; };
		07EBFBB01A5D29BA00682656 /* Info.plist */ = {isa = PBXFileReference; lastKnownFileType = text.plist.xml; path = Info.plist; sourceTree = "<group>"; };
		07EBFBB11A5D29BA00682656 /* DDNavTextTests.m */ = {isa = PBXFileReference; lastKnownFileType = sourcecode.c.objc; path = DDNavTextTests.m; sourceTree = "<group>"; };
		07F9E2121A4056B80059C0DE /* DDNavTextDemo.app */ = {isa = PBXFileReference; explicitFileType = wrapper.application; includeInIndex = 0; path = DDNavTextDemo.app; sourceTree = BUILT_PRODUCTS_DIR; };
		07F9E2161A4056B80059C0DE /* Info.plist */ = {isa = PBXFileReference; lastKnownFileType = text.plist.xml; path = Info.plist; sourceTree = "<group>"; };
		07F9E2171A4056B80059C0DE /* main.m */ = {isa = PBXFileReference; lastKnownFileType = sourcecode.c.objc; path = main.m; sourceTree = "<group>"; };
		07F9E2191A4056B80059C0DE /* AppDelegate.h */ = {isa = PBXFileReference; lastKnownFileType = sourcecode.c.h; path = AppDelegate.h; sourceTree = "<group>"; };
		07F9E21A1A4056B80059C0DE /* AppDelegate.m */ = {isa = PBXFileReference; lastKnownFileType = sourcecode.c.objc; path = AppDelegate.m; sourceTree = "<group>"; };
		07F9E21C1A4056B80059C0DE /* ViewController.h */ = {isa = PBXFileReference; lastKnownFileType = sourcecode.c.h; path = ViewController.h; sourceTree = "<group>"; };
		07F9E21D1A4056B80059C0DE /* ViewController.m */ = {isa = PBXFileReference; lastKnownFileType = sourcecode.c.objc; path = ViewController.m; sourceTree = "<group>"; };
		07F9E2201A4056B80059C0DE /* Base */ = {isa = PBXFileReference; lastKnownFileType = file.storyboard; name = Base; path = Base.lproj/Main.storyboard; sourceTree = "<group>"; };
		07F9E2221A4056B80059C0DE /* Images.xcassets */ = {isa = PBXFileReference; lastKnownFileType = folder.assetcatalog; path = Images.xcassets; sourceTree = "<group>"; };
		07F9E23C1A4056EF0059C0DE /* DDNavText.h */ = {isa = PBXFileReference; fileEncoding = 4; lastKnownFileType = sourcecode.c.h; name = DDNavText.h; path = DDNavText/DDNavText.h; sourceTree = "<group>"; };
		07F9E23D1A4056EF0059C0DE /* DDNavText.m */ = {isa = PBXFileReference; fileEncoding = 4; lastKnownFileType = sourcecode.c.objc; name = DDNavText.m; path = DDNavText/DDNavText.m; sourceTree = "<group>"; };
/* End PBXFileReference section */

/* Begin PBXFrameworksBuildPhase section */
		073B2DE21EE40796009F3D9D /* Frameworks */ = {
			isa = PBXFrameworksBuildPhase;
			buildActionMask = 2147483647;
			files = (
			);
			runOnlyForDeploymentPostprocessing = 0;
		};
		07F9E20F1A4056B80059C0DE /* Frameworks */ = {
			isa = PBXFrameworksBuildPhase;
			buildActionMask = 2147483647;
			files = (
			);
			runOnlyForDeploymentPostprocessing = 0;
		};
/* End PBXFrameworksBuildPhase section */

/* Begin PBXGroup section */
		073B2DE61EE40796009F3D9D /* DDNavTextTests */ = {
			isa = PBXGroup;
			children = (
				073B2DE71EE40796009F3D9D /* DDNavTextTests.m */,
				073B2DE91EE40796009F3D9D /* Info.plist */,
			);
			path = DDNavTextTests;
			sourceTree = "<group>";
		};
		07EBFBAE1A5D29BA00682656 /* DDNavTextTests */ = {
			isa = PBXGroup;
			children = (
				07EBFBB11A5D29BA00682656 /* DDNavTextTests.m */,
				07EBFBAF1A5D29BA00682656 /* Supporting Files */,
			);
			path = DDNavTextTests;
			sourceTree = "<group>";
		};
		07EBFBAF1A5D29BA00682656 /* Supporting Files */ = {
			isa = PBXGroup;
			children = (
				07EBFBB01A5D29BA00682656 /* Info.plist */,
			);
			name = "Supporting Files";
			sourceTree = "<group>";
		};
		07F9E2091A4056B80059C0DE = {
			isa = PBXGroup;
			children = (
				07F9E23B1A4056DC0059C0DE /* DDNavText */,
				07F9E2141A4056B80059C0DE /* DDNavTextDemo */,
				07EBFBAE1A5D29BA00682656 /* DDNavTextTests */,
				073B2DE61EE40796009F3D9D /* DDNavTextTests */,
				07F9E2131A4056B80059C0DE /* Products */,
			);
			sourceTree = "<group>";
		};
		07F9E2131A4056B80059C0DE /* Products */ = {
			isa = PBXGroup;
			children = (
				07F9E2121A4056B80059C0DE /* DDNavTextDemo.app */,
				073B2DE51EE40796009F3D9D /* DDNavTextTests.xctest */,
			);
			name = Products;
			sourceTree = "<group>";
		};
		07F9E2141A4056B80059C0DE /* DDNavTextDemo */ = {
			isa = PBXGroup;
			children = (
				07F9E2191A4056B80059C0DE /* AppDelegate.h */,
				07F9E21A1A4056B80059C0DE /* AppDelegate.m */,
				07F9E21C1A4056B80059C0DE /* ViewController.h */,
				07F9E21D1A4056B80059C0DE /* ViewController.m */,
				07F9E21F1A4056B80059C0DE /* Main.storyboard */,
				07F9E2221A4056B80059C0DE /* Images.xcassets */,
				07F9E2151A4056B80059C0DE /* Supporting Files */,
			);
			path = DDNavTextDemo;
			sourceTree = "<group>";
		};
		07F9E2151A4056B80059C0DE /* Supporting Files */ = {
			isa = PBXGroup;
			children = (
				07F9E2161A4056B80059C0DE /* Info.plist */,
				07F9E2171A4056B80059C0DE /* main.m */,
			);
			name = "Supporting Files";
			sourceTree = "<group>";
		};
		07F9E23B1A4056DC0059C0DE /* DDNavText */ = {
			isa = PBXGroup;
			children = (
				07F9E23C1A4056EF0059C0DE /* DDNavText.h */,
				07F9E23D1A4056EF0059C0DE /* DDNavText.m */,
			);
			name = DDNavText;
			sourceTree = "<group>";
		};
/* End PBXGroup section */

/* Begin PBXNativeTarget section */
		073B2DE41EE40796009F3D9D /* DDNavTextTests */ = {
			isa = PBXNativeTarget;
			buildConfigurationList = 073B2DEC1EE40796009F3D9D /* Build configuration list for PBXNativeTarget "DDNavTextTests" */;
			buildPhases = (
				073B2DE11EE40796009F3D9D /* Sources */,
				073B2DE21EE40796009F3D9D /* Frameworks */,
				073B2DE31EE40796009F3D9D /* Resources */,
			);
			buildRules = (
			);
			dependencies = (
				073B2DEB1EE40796009F3D9D /* PBXTargetDependency */,
			);
			name = DDNavTextTests;
			productName = DDNavTextTests;
			productReference = 073B2DE51EE40796009F3D9D /* DDNavTextTests.xctest */;
			productType = "com.apple.product-type.bundle.unit-test";
		};
		07F9E2111A4056B80059C0DE /* DDNavTextDemo */ = {
			isa = PBXNativeTarget;
			buildConfigurationList = 07F9E2351A4056B80059C0DE /* Build configuration list for PBXNativeTarget "DDNavTextDemo" */;
			buildPhases = (
				07F9E20E1A4056B80059C0DE /* Sources */,
				07F9E20F1A4056B80059C0DE /* Frameworks */,
				07F9E2101A4056B80059C0DE /* Resources */,
			);
			buildRules = (
			);
			dependencies = (
			);
			name = DDNavTextDemo;
			productName = DDNavTextDemo;
			productReference = 07F9E2121A4056B80059C0DE /* DDNavTextDemo.app */;
			productType = "com.apple.product-type.application";
		};
/* End PBXNativeTarget section */

/* Begin PBXProject section */
		07F9E20A1A4056B80059C0DE /* Project object */ = {
			isa = PBXProject;
			attributes = {
				CLASSPREFIX = DD;
				LastUpgradeCheck = 0830;
				ORGANIZATIONNAME = Didstopia;
				TargetAttributes = {
					073B2DE41EE40796009F3D9D = {
						CreatedOnToolsVersion = 8.3.2;
						ProvisioningStyle = Manual;
						TestTargetID = 07F9E2111A4056B80059C0DE;
					};
					07F9E2111A4056B80059C0DE = {
						CreatedOnToolsVersion = 6.1.1;
						ProvisioningStyle = Manual;
					};
				};
			};
			buildConfigurationList = 07F9E20D1A4056B80059C0DE /* Build configuration list for PBXProject "DDNavTextDemo" */;
			compatibilityVersion = "Xcode 3.2";
			developmentRegion = English;
			hasScannedForEncodings = 0;
			knownRegions = (
				en,
				Base,
			);
			mainGroup = 07F9E2091A4056B80059C0DE;
			productRefGroup = 07F9E2131A4056B80059C0DE /* Products */;
			projectDirPath = "";
			projectRoot = "";
			targets = (
				07F9E2111A4056B80059C0DE /* DDNavTextDemo */,
				073B2DE41EE40796009F3D9D /* DDNavTextTests */,
			);
		};
/* End PBXProject section */

/* Begin PBXResourcesBuildPhase section */
		073B2DE31EE40796009F3D9D /* Resources */ = {
			isa = PBXResourcesBuildPhase;
			buildActionMask = 2147483647;
			files = (
			);
			runOnlyForDeploymentPostprocessing = 0;
		};
		07F9E2101A4056B80059C0DE /* Resources */ = {
			isa = PBXResourcesBuildPhase;
			buildActionMask = 2147483647;
			files = (
				07F9E2211A4056B80059C0DE /* Main.storyboard in Resources */,
				07F9E2231A4056B80059C0DE /* Images.xcassets in Resources */,
			);
			runOnlyForDeploymentPostprocessing = 0;
		};
/* End PBXResourcesBuildPhase section */

/* Begin PBXSourcesBuildPhase section */
		073B2DE11EE40796009F3D9D /* Sources */ = {
			isa = PBXSourcesBuildPhase;
			buildActionMask = 2147483647;
			files = (
				073B2DE81EE40796009F3D9D /* DDNavTextTests.m in Sources */,
			);
			runOnlyForDeploymentPostprocessing = 0;
		};
		07F9E20E1A4056B80059C0DE /* Sources */ = {
			isa = PBXSourcesBuildPhase;
			buildActionMask = 2147483647;
			files = (
				07F9E23E1A4056EF0059C0DE /* DDNavText.m in Sources */,
				07F9E21E1A4056B80059C0DE /* ViewController.m in Sources */,
				07F9E21B1A4056B80059C0DE /* AppDelegate.m in Sources */,
				07F9E2181A4056B80059C0DE /* main.m in Sources */,
			);
			runOnlyForDeploymentPostprocessing = 0;
		};
/* End PBXSourcesBuildPhase section */

/* Begin PBXTargetDependency section */
		073B2DEB1EE40796009F3D9D /* PBXTargetDependency */ = {
			isa = PBXTargetDependency;
			target = 07F9E2111A4056B80059C0DE /* DDNavTextDemo */;
			targetProxy = 073B2DEA1EE40796009F3D9D /* PBXContainerItemProxy */;
		};
/* End PBXTargetDependency section */

/* Begin PBXVariantGroup section */
		07F9E21F1A4056B80059C0DE /* Main.storyboard */ = {
			isa = PBXVariantGroup;
			children = (
				07F9E2201A4056B80059C0DE /* Base */,
			);
			name = Main.storyboard;
			sourceTree = "<group>";
		};
/* End PBXVariantGroup section */

/* Begin XCBuildConfiguration section */
		073B2DED1EE40796009F3D9D /* Debug */ = {
			isa = XCBuildConfiguration;
			buildSettings = {
				ALWAYS_SEARCH_USER_PATHS = NO;
				BUNDLE_LOADER = "$(TEST_HOST)";
				CLANG_ANALYZER_NONNULL = YES;
				CLANG_ANALYZER_NUMBER_OBJECT_CONVERSION = YES_AGGRESSIVE;
				CLANG_WARN_DOCUMENTATION_COMMENTS = YES;
				DEBUG_INFORMATION_FORMAT = dwarf;
				DEVELOPMENT_TEAM = "";
				INFOPLIST_FILE = DDNavTextTests/Info.plist;
				IPHONEOS_DEPLOYMENT_TARGET = 8.0;
				LD_RUNPATH_SEARCH_PATHS = "$(inherited) @executable_path/Frameworks @loader_path/Frameworks";
				PRODUCT_BUNDLE_IDENTIFIER = com.didstopia.DDNavTextTests;
				PRODUCT_NAME = "$(TARGET_NAME)";
				PROVISIONING_PROFILE_SPECIFIER = "";
				TEST_HOST = "$(BUILT_PRODUCTS_DIR)/DDNavTextDemo.app/DDNavTextDemo";
			};
			name = Debug;
		};
		073B2DEE1EE40796009F3D9D /* Release */ = {
			isa = XCBuildConfiguration;
			buildSettings = {
				ALWAYS_SEARCH_USER_PATHS = NO;
				BUNDLE_LOADER = "$(TEST_HOST)";
				CLANG_ANALYZER_NONNULL = YES;
				CLANG_ANALYZER_NUMBER_OBJECT_CONVERSION = YES_AGGRESSIVE;
				CLANG_WARN_DOCUMENTATION_COMMENTS = YES;
				COPY_PHASE_STRIP = NO;
				DEBUG_INFORMATION_FORMAT = "dwarf-with-dsym";
				DEVELOPMENT_TEAM = "";
				INFOPLIST_FILE = DDNavTextTests/Info.plist;
				IPHONEOS_DEPLOYMENT_TARGET = 8.0;
				LD_RUNPATH_SEARCH_PATHS = "$(inherited) @executable_path/Frameworks @loader_path/Frameworks";
				PRODUCT_BUNDLE_IDENTIFIER = com.didstopia.DDNavTextTests;
				PRODUCT_NAME = "$(TARGET_NAME)";
				PROVISIONING_PROFILE_SPECIFIER = "";
				TEST_HOST = "$(BUILT_PRODUCTS_DIR)/DDNavTextDemo.app/DDNavTextDemo";
			};
			name = Release;
		};
		07F9E2331A4056B80059C0DE /* Debug */ = {
			isa = XCBuildConfiguration;
			buildSettings = {
				CLANG_CXX_LANGUAGE_STANDARD = "gnu++0x";
				CLANG_CXX_LIBRARY = "libc++";
				CLANG_ENABLE_MODULES = YES;
				CLANG_ENABLE_OBJC_ARC = YES;
				CLANG_WARN_BOOL_CONVERSION = YES;
				CLANG_WARN_CONSTANT_CONVERSION = YES;
				CLANG_WARN_DIRECT_OBJC_ISA_USAGE = YES_ERROR;
				CLANG_WARN_EMPTY_BODY = YES;
				CLANG_WARN_ENUM_CONVERSION = YES;
				CLANG_WARN_INFINITE_RECURSION = YES;
				CLANG_WARN_INT_CONVERSION = YES;
				CLANG_WARN_OBJC_ROOT_CLASS = YES_ERROR;
				CLANG_WARN_SUSPICIOUS_MOVE = YES;
				CLANG_WARN_UNREACHABLE_CODE = YES;
				CLANG_WARN__DUPLICATE_METHOD_MATCH = YES;
				"CODE_SIGN_IDENTITY[sdk=iphoneos*]" = "iPhone Developer";
				COPY_PHASE_STRIP = NO;
				ENABLE_STRICT_OBJC_MSGSEND = YES;
				ENABLE_TESTABILITY = YES;
				GCC_C_LANGUAGE_STANDARD = gnu99;
				GCC_DYNAMIC_NO_PIC = NO;
				GCC_NO_COMMON_BLOCKS = YES;
				GCC_OPTIMIZATION_LEVEL = 0;
				GCC_PREPROCESSOR_DEFINITIONS = (
					"DEBUG=1",
					"$(inherited)",
				);
				GCC_SYMBOLS_PRIVATE_EXTERN = NO;
				GCC_WARN_64_TO_32_BIT_CONVERSION = YES;
				GCC_WARN_ABOUT_RETURN_TYPE = YES_ERROR;
				GCC_WARN_UNDECLARED_SELECTOR = YES;
				GCC_WARN_UNINITIALIZED_AUTOS = YES_AGGRESSIVE;
				GCC_WARN_UNUSED_FUNCTION = YES;
				GCC_WARN_UNUSED_VARIABLE = YES;
				IPHONEOS_DEPLOYMENT_TARGET = 8.0;
				MTL_ENABLE_DEBUG_INFO = YES;
				ONLY_ACTIVE_ARCH = YES;
				SDKROOT = iphoneos;
			};
			name = Debug;
		};
		07F9E2341A4056B80059C0DE /* Release */ = {
			isa = XCBuildConfiguration;
			buildSettings = {
				CLANG_CXX_LANGUAGE_STANDARD = "gnu++0x";
				CLANG_CXX_LIBRARY = "libc++";
				CLANG_ENABLE_MODULES = YES;
				CLANG_ENABLE_OBJC_ARC = YES;
				CLANG_WARN_BOOL_CONVERSION = YES;
				CLANG_WARN_CONSTANT_CONVERSION = YES;
				CLANG_WARN_DIRECT_OBJC_ISA_USAGE = YES_ERROR;
				CLANG_WARN_EMPTY_BODY = YES;
				CLANG_WARN_ENUM_CONVERSION = YES;
				CLANG_WARN_INFINITE_RECURSION = YES;
				CLANG_WARN_INT_CONVERSION = YES;
				CLANG_WARN_OBJC_ROOT_CLASS = YES_ERROR;
				CLANG_WARN_SUSPICIOUS_MOVE = YES;
				CLANG_WARN_UNREACHABLE_CODE = YES;
				CLANG_WARN__DUPLICATE_METHOD_MATCH = YES;
				"CODE_SIGN_IDENTITY[sdk=iphoneos*]" = "iPhone Developer";
				COPY_PHASE_STRIP = YES;
				ENABLE_NS_ASSERTIONS = NO;
				ENABLE_STRICT_OBJC_MSGSEND = YES;
				GCC_C_LANGUAGE_STANDARD = gnu99;
				GCC_NO_COMMON_BLOCKS = YES;
				GCC_WARN_64_TO_32_BIT_CONVERSION = YES;
				GCC_WARN_ABOUT_RETURN_TYPE = YES_ERROR;
				GCC_WARN_UNDECLARED_SELECTOR = YES;
				GCC_WARN_UNINITIALIZED_AUTOS = YES_AGGRESSIVE;
				GCC_WARN_UNUSED_FUNCTION = YES;
				GCC_WARN_UNUSED_VARIABLE = YES;
				IPHONEOS_DEPLOYMENT_TARGET = 8.0;
				MTL_ENABLE_DEBUG_INFO = NO;
				SDKROOT = iphoneos;
				VALIDATE_PRODUCT = YES;
			};
			name = Release;
		};
		07F9E2361A4056B80059C0DE /* Debug */ = {
			isa = XCBuildConfiguration;
			buildSettings = {
				ASSETCATALOG_COMPILER_APPICON_NAME = AppIcon;
				DEVELOPMENT_TEAM = "";
				INFOPLIST_FILE = DDNavTextDemo/Info.plist;
				PRODUCT_BUNDLE_IDENTIFIER = "com.didstopia.$(PRODUCT_NAME:rfc1034identifier)";
				PRODUCT_NAME = "$(TARGET_NAME)";
				PROVISIONING_PROFILE_SPECIFIER = "";
			};
			name = Debug;
		};
		07F9E2371A4056B80059C0DE /* Release */ = {
			isa = XCBuildConfiguration;
			buildSettings = {
				ASSETCATALOG_COMPILER_APPICON_NAME = AppIcon;
				DEVELOPMENT_TEAM = "";
				INFOPLIST_FILE = DDNavTextDemo/Info.plist;
				PRODUCT_BUNDLE_IDENTIFIER = "com.didstopia.$(PRODUCT_NAME:rfc1034identifier)";
				PRODUCT_NAME = "$(TARGET_NAME)";
				PROVISIONING_PROFILE_SPECIFIER = "";
			};
			name = Release;
		};
/* End XCBuildConfiguration section */

/* Begin XCConfigurationList section */
		073B2DEC1EE40796009F3D9D /* Build configuration list for PBXNativeTarget "DDNavTextTests" */ = {
			isa = XCConfigurationList;
			buildConfigurations = (
				073B2DED1EE40796009F3D9D /* Debug */,
				073B2DEE1EE40796009F3D9D /* Release */,
			);
			defaultConfigurationIsVisible = 0;
		};
		07F9E20D1A4056B80059C0DE /* Build configuration list for PBXProject "DDNavTextDemo" */ = {
			isa = XCConfigurationList;
			buildConfigurations = (
				07F9E2331A4056B80059C0DE /* Debug */,
				07F9E2341A4056B80059C0DE /* Release */,
			);
			defaultConfigurationIsVisible = 0;
			defaultConfigurationName = Release;
		};
		07F9E2351A4056B80059C0DE /* Build configuration list for PBXNativeTarget "DDNavTextDemo" */ = {
			isa = XCConfigurationList;
			buildConfigurations = (
				07F9E2361A4056B80059C0DE /* Debug */,
				07F9E2371A4056B80059C0DE /* Release */,
			);
			defaultConfigurationIsVisible = 0;
			defaultConfigurationName = Release;
		};
/* End XCConfigurationList section */
	};
	rootObject = 07F9E20A1A4056B80059C0DE /* Project object */;
}
